
Microsoft Visual Studio Solution File, Format Version 12.00
# Visual Studio Version 17
VisualStudioVersion = 17.9.34714.143
MinimumVisualStudioVersion = 10.0.40219.1
Project("{FAE04EC0-301F-11D3-BF4B-00C04F79EFBC}") = "CustomLINQ", "CustomLINQ\CustomLINQ.csproj", "{9B2948D9-6AA4-4D67-BA21-607B51A6A5F4}"
EndProject
Global
	GlobalSection(SolutionConfigurationPlatforms) = preSolution
		Debug|Any CPU = Debug|Any CPU
		Release|Any CPU = Release|Any CPU
	EndGlobalSection
	GlobalSection(ProjectConfigurationPlatforms) = postSolution
		{9B2948D9-6AA4-4D67-BA21-607B51A6A5F4}.Debug|Any CPU.ActiveCfg = Debug|Any CPU
		{9B2948D9-6AA4-4D67-BA21-607B51A6A5F4}.Debug|Any CPU.Build.0 = Debug|Any CPU
		{9B2948D9-6AA4-4D67-BA21-607B51A6A5F4}.Release|Any CPU.ActiveCfg = Release|Any CPU
		{9B2948D9-6AA4-4D67-BA21-607B51A6A5F4}.Release|Any CPU.Build.0 = Release|Any CPU
	EndGlobalSection
	GlobalSection(SolutionProperties) = preSolution
		HideSolutionNode = FALSE
	EndGlobalSection
	GlobalSection(ExtensibilityGlobals) = postSolution
		SolutionGuid = {CA1DC28B-33C2-47C5-850D-8F940D22DC5D}
	EndGlobalSection
EndGlobal
